
Microsoft Visual Studio Solution File, Format Version 12.00
# Visual Studio Version 17
VisualStudioVersion = 17.8.34330.188
MinimumVisualStudioVersion = 10.0.40219.1
Project("{FAE04EC0-301F-11D3-BF4B-00C04F79EFBC}") = "BackEnd", "BackEnd\BackEnd.csproj", "{12DC6F70-D1C2-4632-BF96-5EE1DA55EEF0}"
EndProject
Global
	GlobalSection(SolutionConfigurationPlatforms) = preSolution
		Debug|Any CPU = Debug|Any CPU
		Release|Any CPU = Release|Any CPU
	EndGlobalSection
	GlobalSection(ProjectConfigurationPlatforms) = postSolution
		{12DC6F70-D1C2-4632-BF96-5EE1DA55EEF0}.Debug|Any CPU.ActiveCfg = Debug|Any CPU
		{12DC6F70-D1C2-4632-BF96-5EE1DA55EEF0}.Debug|Any CPU.Build.0 = Debug|Any CPU
		{12DC6F70-D1C2-4632-BF96-5EE1DA55EEF0}.Release|Any CPU.ActiveCfg = Release|Any CPU
		{12DC6F70-D1C2-4632-BF96-5EE1DA55EEF0}.Release|Any CPU.Build.0 = Release|Any CPU
	EndGlobalSection
	GlobalSection(SolutionProperties) = preSolution
		HideSolutionNode = FALSE
	EndGlobalSection
	GlobalSection(ExtensibilityGlobals) = postSolution
		SolutionGuid = {37F691C0-F7B4-4F0C-BCC6-B6E82340F0FE}
	EndGlobalSection
EndGlobal
